{
  "originHash" : "375b4bb298386c333bca4f567eae509bd7208039d96d78e6cd88407481510fed",
  "pins" : [
    {
      "identity" : "csqlite",
      "kind" : "remoteSourceControl",
      "location" : "https://github.com/simolus3/CSQLite.git",
      "state" : {
        "revision" : "1ee46d19a4f451a7aa64ffc64fc99b4748131e62"
      }
    }
  ],
  "version" : 3
}
